
Microsoft Visual Studio Solution File, Format Version 12.00
# Visual Studio Version 17
VisualStudioVersion = 17.4.33213.308
MinimumVisualStudioVersion = 10.0.40219.1
Project("{9A19103F-16F7-4668-BE54-9A1E7A4F7556}") = "Creator.,Tests", "Creator.,Tests\Creator.,Tests.csproj", "{9D4D65E0-8516-4F49-B6E4-D28A57FC68F9}"
EndProject
Project("{9A19103F-16F7-4668-BE54-9A1E7A4F7556}") = "Creator.CLI", "Creator.CLI\Creator.CLI.csproj", "{A28F2E01-E2BD-4901-9978-8E0505F5F42C}"
EndProject
Project("{9A19103F-16F7-4668-BE54-9A1E7A4F7556}") = "Creator.Lib", "Creator.Lib\Creator.Lib.csproj", "{6A483589-CE28-4979-B3EF-976C8D30DADC}"
EndProject
Project("{9A19103F-16F7-4668-BE54-9A1E7A4F7556}") = "Creator.API", "Creator.WebAPI\Creator.API.csproj", "{52F52EC2-0154-40AB-8787-46FB1BE40920}"
EndProject
Project("{9A19103F-16F7-4668-BE54-9A1E7A4F7556}") = "Creator.Handlebar", "..\Creator.Handlebar\Creator.Handlebar.csproj", "{FF090415-425E-4EF1-B596-72ED0F04E7B6}"
EndProject
Global
	GlobalSection(SolutionConfigurationPlatforms) = preSolution
		Debug|Any CPU = Debug|Any CPU
		Release|Any CPU = Release|Any CPU
	EndGlobalSection
	GlobalSection(ProjectConfigurationPlatforms) = postSolution
		{9D4D65E0-8516-4F49-B6E4-D28A57FC68F9}.Debug|Any CPU.ActiveCfg = Debug|Any CPU
		{9D4D65E0-8516-4F49-B6E4-D28A57FC68F9}.Debug|Any CPU.Build.0 = Debug|Any CPU
		{9D4D65E0-8516-4F49-B6E4-D28A57FC68F9}.Release|Any CPU.ActiveCfg = Release|Any CPU
		{9D4D65E0-8516-4F49-B6E4-D28A57FC68F9}.Release|Any CPU.Build.0 = Release|Any CPU
		{A28F2E01-E2BD-4901-9978-8E0505F5F42C}.Debug|Any CPU.ActiveCfg = Debug|Any CPU
		{A28F2E01-E2BD-4901-9978-8E0505F5F42C}.Debug|Any CPU.Build.0 = Debug|Any CPU
		{A28F2E01-E2BD-4901-9978-8E0505F5F42C}.Release|Any CPU.ActiveCfg = Release|Any CPU
		{A28F2E01-E2BD-4901-9978-8E0505F5F42C}.Release|Any CPU.Build.0 = Release|Any CPU
		{6A483589-CE28-4979-B3EF-976C8D30DADC}.Debug|Any CPU.ActiveCfg = Debug|Any CPU
		{6A483589-CE28-4979-B3EF-976C8D30DADC}.Debug|Any CPU.Build.0 = Debug|Any CPU
		{6A483589-CE28-4979-B3EF-976C8D30DADC}.Release|Any CPU.ActiveCfg = Release|Any CPU
		{6A483589-CE28-4979-B3EF-976C8D30DADC}.Release|Any CPU.Build.0 = Release|Any CPU
		{52F52EC2-0154-40AB-8787-46FB1BE40920}.Debug|Any CPU.ActiveCfg = Debug|Any CPU
		{52F52EC2-0154-40AB-8787-46FB1BE40920}.Debug|Any CPU.Build.0 = Debug|Any CPU
		{52F52EC2-0154-40AB-8787-46FB1BE40920}.Release|Any CPU.ActiveCfg = Release|Any CPU
		{52F52EC2-0154-40AB-8787-46FB1BE40920}.Release|Any CPU.Build.0 = Release|Any CPU
		{FF090415-425E-4EF1-B596-72ED0F04E7B6}.Debug|Any CPU.ActiveCfg = Debug|Any CPU
		{FF090415-425E-4EF1-B596-72ED0F04E7B6}.Debug|Any CPU.Build.0 = Debug|Any CPU
		{FF090415-425E-4EF1-B596-72ED0F04E7B6}.Release|Any CPU.ActiveCfg = Release|Any CPU
		{FF090415-425E-4EF1-B596-72ED0F04E7B6}.Release|Any CPU.Build.0 = Release|Any CPU
	EndGlobalSection
	GlobalSection(SolutionProperties) = preSolution
		HideSolutionNode = FALSE
	EndGlobalSection
	GlobalSection(ExtensibilityGlobals) = postSolution
		SolutionGuid = {18AD054B-56B4-4139-98C8-D687CB1EBD08}
	EndGlobalSection
EndGlobal
