
Microsoft Visual Studio Solution File, Format Version 12.00
# Visual Studio Version 17
VisualStudioVersion = 17.4.33213.308
MinimumVisualStudioVersion = 10.0.40219.1
Project("{FAE04EC0-301F-11D3-BF4B-00C04F79EFBC}") = "Creator", "Creator.csproj", "{291AFEB7-B2C3-4179-ABD3-A5F6C1BB0C98}"
EndProject
Global
	GlobalSection(SolutionConfigurationPlatforms) = preSolution
		Debug|Any CPU = Debug|Any CPU
		Release|Any CPU = Release|Any CPU
	EndGlobalSection
	GlobalSection(ProjectConfigurationPlatforms) = postSolution
		{291AFEB7-B2C3-4179-ABD3-A5F6C1BB0C98}.Debug|Any CPU.ActiveCfg = Debug|Any CPU
		{291AFEB7-B2C3-4179-ABD3-A5F6C1BB0C98}.Debug|Any CPU.Build.0 = Debug|Any CPU
		{291AFEB7-B2C3-4179-ABD3-A5F6C1BB0C98}.Release|Any CPU.ActiveCfg = Release|Any CPU
		{291AFEB7-B2C3-4179-ABD3-A5F6C1BB0C98}.Release|Any CPU.Build.0 = Release|Any CPU
	EndGlobalSection
	GlobalSection(SolutionProperties) = preSolution
		HideSolutionNode = FALSE
	EndGlobalSection
	GlobalSection(ExtensibilityGlobals) = postSolution
		SolutionGuid = {18AD054B-56B4-4139-98C8-D687CB1EBD08}
	EndGlobalSection
EndGlobal
